
Microsoft Visual Studio Solution File, Format Version 11.00
# Visual Studio 2010
Project("{FAE04EC0-301F-11D3-BF4B-00C04F79EFBC}") = "Assembly-CSharp", "Assembly-CSharp.csproj", "{5b8041b6-bb31-1a03-ec5b-fc814fffc0ac}"
EndProject
Project("{FAE04EC0-301F-11D3-BF4B-00C04F79EFBC}") = "Assembly-CSharp-Editor", "Assembly-CSharp-Editor.csproj", "{cdb97dec-3f09-ff4a-f3fc-733d3643587f}"
EndProject
Global
	GlobalSection(SolutionConfigurationPlatforms) = preSolution
		Debug|Any CPU = Debug|Any CPU
	EndGlobalSection
	GlobalSection(ProjectConfigurationPlatforms) = postSolution
		{5b8041b6-bb31-1a03-ec5b-fc814fffc0ac}.Debug|Any CPU.ActiveCfg = Debug|Any CPU
		{5b8041b6-bb31-1a03-ec5b-fc814fffc0ac}.Debug|Any CPU.Build.0 = Debug|Any CPU
		{cdb97dec-3f09-ff4a-f3fc-733d3643587f}.Debug|Any CPU.ActiveCfg = Debug|Any CPU
		{cdb97dec-3f09-ff4a-f3fc-733d3643587f}.Debug|Any CPU.Build.0 = Debug|Any CPU
	EndGlobalSection
	GlobalSection(SolutionProperties) = preSolution
		HideSolutionNode = FALSE
	EndGlobalSection
EndGlobal
